// !$*UTF8*$!
{
	archiveVersion = 1;
	classes = {
	};
	objectVersion = 48;
	objects = {

/* Begin PBXBuildFile section */
		538E1D909AF0B96B7834BA00 /* Pods_mtd_bus_app_iOSTests.framework in Frameworks */ = {isa = PBXBuildFile; fileRef = E7D3D07AE5F70B2ACFD5DD6A /* Pods_mtd_bus_app_iOSTests.framework */; };
		65D2CAD2E5C50CF3A40C6E4E /* Pods_mtd_bus_app_iOS.framework in Frameworks */ = {isa = PBXBuildFile; fileRef = 95BFBDD10188830E4190311A /* Pods_mtd_bus_app_iOS.framework */; };
		6A023FB320D8DDB3005F362A /* AppDelegate.swift in Sources */ = {isa = PBXBuildFile; fileRef = 6A023FB220D8DDB3005F362A /* AppDelegate.swift */; };
		6A023FB520D8DDB3005F362A /* ViewController.swift in Sources */ = {isa = PBXBuildFile; fileRef = 6A023FB420D8DDB3005F362A /* ViewController.swift */; };
		6A023FB820D8DDB3005F362A /* Main.storyboard in Resources */ = {isa = PBXBuildFile; fileRef = 6A023FB620D8DDB3005F362A /* Main.storyboard */; };
		6A023FBA20D8DDB3005F362A /* Assets.xcassets in Resources */ = {isa = PBXBuildFile; fileRef = 6A023FB920D8DDB3005F362A /* Assets.xcassets */; };
		6A023FC820D8DDB3005F362A /* mtd_bus_app_iOSTests.swift in Sources */ = {isa = PBXBuildFile; fileRef = 6A023FC720D8DDB3005F362A /* mtd_bus_app_iOSTests.swift */; };
		6A023FD320D8DDB3005F362A /* mtd_bus_app_iOSUITests.swift in Sources */ = {isa = PBXBuildFile; fileRef = 6A023FD220D8DDB3005F362A /* mtd_bus_app_iOSUITests.swift */; };
		6A122B2220E603CC00743801 /* LeftViewController.swift in Sources */ = {isa = PBXBuildFile; fileRef = 6A122B2120E603CC00743801 /* LeftViewController.swift */; };
		6A122B2420E6043900743801 /* TransitionedViewController.swift in Sources */ = {isa = PBXBuildFile; fileRef = 6A122B2320E6043900743801 /* TransitionedViewController.swift */; };
		6A122B2620E610C200743801 /* AppToolbarController.swift in Sources */ = {isa = PBXBuildFile; fileRef = 6A122B2520E610C200743801 /* AppToolbarController.swift */; };
		6A122B2820E619FB00743801 /* AppNavigationDrawerController.swift in Sources */ = {isa = PBXBuildFile; fileRef = 6A122B2720E619FB00743801 /* AppNavigationDrawerController.swift */; };
		92ABCD4EF437F5AABFE20CAE /* Pods_mtd_bus_app_iOSUITests.framework in Frameworks */ = {isa = PBXBuildFile; fileRef = F881D1F1498CE70D83B45BA1 /* Pods_mtd_bus_app_iOSUITests.framework */; };
/* End PBXBuildFile section */

/* Begin PBXContainerItemProxy section */
		6A023FC420D8DDB3005F362A /* PBXContainerItemProxy */ = {
			isa = PBXContainerItemProxy;
			containerPortal = 6A023FA720D8DDB3005F362A /* Project object */;
			proxyType = 1;
			remoteGlobalIDString = 6A023FAE20D8DDB3005F362A;
			remoteInfo = "mtd-bus-app-iOS";
		};
		6A023FCF20D8DDB3005F362A /* PBXContainerItemProxy */ = {
			isa = PBXContainerItemProxy;
			containerPortal = 6A023FA720D8DDB3005F362A /* Project object */;
			proxyType = 1;
			remoteGlobalIDString = 6A023FAE20D8DDB3005F362A;
			remoteInfo = "mtd-bus-app-iOS";
		};
/* End PBXContainerItemProxy section */

/* Begin PBXFileReference section */
		0E7C6C4C8F09288591922620 /* Pods-mtd-bus-app-iOSUITests.release.xcconfig */ = {isa = PBXFileReference; includeInIndex = 1; lastKnownFileType = text.xcconfig; name = "Pods-mtd-bus-app-iOSUITests.release.xcconfig"; path = "Pods/Target Support Files/Pods-mtd-bus-app-iOSUITests/Pods-mtd-bus-app-iOSUITests.release.xcconfig"; sourceTree = "<group>"; };
		6A023FAF20D8DDB3005F362A /* mtd-bus-app-iOS.app */ = {isa = PBXFileReference; explicitFileType = wrapper.application; includeInIndex = 0; path = "mtd-bus-app-iOS.app"; sourceTree = BUILT_PRODUCTS_DIR; };
		6A023FB220D8DDB3005F362A /* AppDelegate.swift */ = {isa = PBXFileReference; lastKnownFileType = sourcecode.swift; path = AppDelegate.swift; sourceTree = "<group>"; };
		6A023FB420D8DDB3005F362A /* ViewController.swift */ = {isa = PBXFileReference; lastKnownFileType = sourcecode.swift; path = ViewController.swift; sourceTree = "<group>"; };
		6A023FB720D8DDB3005F362A /* Base */ = {isa = PBXFileReference; lastKnownFileType = file.storyboard; name = Base; path = Base.lproj/Main.storyboard; sourceTree = "<group>"; };
		6A023FB920D8DDB3005F362A /* Assets.xcassets */ = {isa = PBXFileReference; lastKnownFileType = folder.assetcatalog; path = Assets.xcassets; sourceTree = "<group>"; };
		6A023FBE20D8DDB3005F362A /* Info.plist */ = {isa = PBXFileReference; lastKnownFileType = text.plist.xml; path = Info.plist; sourceTree = "<group>"; };
		6A023FC320D8DDB3005F362A /* mtd-bus-app-iOSTests.xctest */ = {isa = PBXFileReference; explicitFileType = wrapper.cfbundle; includeInIndex = 0; path = "mtd-bus-app-iOSTests.xctest"; sourceTree = BUILT_PRODUCTS_DIR; };
		6A023FC720D8DDB3005F362A /* mtd_bus_app_iOSTests.swift */ = {isa = PBXFileReference; lastKnownFileType = sourcecode.swift; path = mtd_bus_app_iOSTests.swift; sourceTree = "<group>"; };
		6A023FC920D8DDB3005F362A /* Info.plist */ = {isa = PBXFileReference; lastKnownFileType = text.plist.xml; path = Info.plist; sourceTree = "<group>"; };
		6A023FCE20D8DDB3005F362A /* mtd-bus-app-iOSUITests.xctest */ = {isa = PBXFileReference; explicitFileType = wrapper.cfbundle; includeInIndex = 0; path = "mtd-bus-app-iOSUITests.xctest"; sourceTree = BUILT_PRODUCTS_DIR; };
		6A023FD220D8DDB3005F362A /* mtd_bus_app_iOSUITests.swift */ = {isa = PBXFileReference; lastKnownFileType = sourcecode.swift; path = mtd_bus_app_iOSUITests.swift; sourceTree = "<group>"; };
		6A023FD420D8DDB3005F362A /* Info.plist */ = {isa = PBXFileReference; lastKnownFileType = text.plist.xml; path = Info.plist; sourceTree = "<group>"; };
		6A122B2120E603CC00743801 /* LeftViewController.swift */ = {isa = PBXFileReference; lastKnownFileType = sourcecode.swift; path = LeftViewController.swift; sourceTree = "<group>"; };
		6A122B2320E6043900743801 /* TransitionedViewController.swift */ = {isa = PBXFileReference; lastKnownFileType = sourcecode.swift; path = TransitionedViewController.swift; sourceTree = "<group>"; };
		6A122B2520E610C200743801 /* AppToolbarController.swift */ = {isa = PBXFileReference; lastKnownFileType = sourcecode.swift; path = AppToolbarController.swift; sourceTree = "<group>"; };
		6A122B2720E619FB00743801 /* AppNavigationDrawerController.swift */ = {isa = PBXFileReference; lastKnownFileType = sourcecode.swift; path = AppNavigationDrawerController.swift; sourceTree = "<group>"; };
		6F5C7E5DC56394997CB687BD /* Pods-mtd-bus-app-iOSUITests.debug.xcconfig */ = {isa = PBXFileReference; includeInIndex = 1; lastKnownFileType = text.xcconfig; name = "Pods-mtd-bus-app-iOSUITests.debug.xcconfig"; path = "Pods/Target Support Files/Pods-mtd-bus-app-iOSUITests/Pods-mtd-bus-app-iOSUITests.debug.xcconfig"; sourceTree = "<group>"; };
		7EEFC8F10BFE82C213C77135 /* Pods-mtd-bus-app-iOS.debug.xcconfig */ = {isa = PBXFileReference; includeInIndex = 1; lastKnownFileType = text.xcconfig; name = "Pods-mtd-bus-app-iOS.debug.xcconfig"; path = "Pods/Target Support Files/Pods-mtd-bus-app-iOS/Pods-mtd-bus-app-iOS.debug.xcconfig"; sourceTree = "<group>"; };
		8A59E6CE5F3676741FD5A8F0 /* Pods-mtd-bus-app-iOSTests.debug.xcconfig */ = {isa = PBXFileReference; includeInIndex = 1; lastKnownFileType = text.xcconfig; name = "Pods-mtd-bus-app-iOSTests.debug.xcconfig"; path = "Pods/Target Support Files/Pods-mtd-bus-app-iOSTests/Pods-mtd-bus-app-iOSTests.debug.xcconfig"; sourceTree = "<group>"; };
		95BFBDD10188830E4190311A /* Pods_mtd_bus_app_iOS.framework */ = {isa = PBXFileReference; explicitFileType = wrapper.framework; includeInIndex = 0; path = Pods_mtd_bus_app_iOS.framework; sourceTree = BUILT_PRODUCTS_DIR; };
		A4BAF51A66350200EE981294 /* Pods-mtd-bus-app-iOSTests.release.xcconfig */ = {isa = PBXFileReference; includeInIndex = 1; lastKnownFileType = text.xcconfig; name = "Pods-mtd-bus-app-iOSTests.release.xcconfig"; path = "Pods/Target Support Files/Pods-mtd-bus-app-iOSTests/Pods-mtd-bus-app-iOSTests.release.xcconfig"; sourceTree = "<group>"; };
		BCD5A270839AD75ED4EA312A /* Pods-mtd-bus-app-iOS.release.xcconfig */ = {isa = PBXFileReference; includeInIndex = 1; lastKnownFileType = text.xcconfig; name = "Pods-mtd-bus-app-iOS.release.xcconfig"; path = "Pods/Target Support Files/Pods-mtd-bus-app-iOS/Pods-mtd-bus-app-iOS.release.xcconfig"; sourceTree = "<group>"; };
		E7D3D07AE5F70B2ACFD5DD6A /* Pods_mtd_bus_app_iOSTests.framework */ = {isa = PBXFileReference; explicitFileType = wrapper.framework; includeInIndex = 0; path = Pods_mtd_bus_app_iOSTests.framework; sourceTree = BUILT_PRODUCTS_DIR; };
		F881D1F1498CE70D83B45BA1 /* Pods_mtd_bus_app_iOSUITests.framework */ = {isa = PBXFileReference; explicitFileType = wrapper.framework; includeInIndex = 0; path = Pods_mtd_bus_app_iOSUITests.framework; sourceTree = BUILT_PRODUCTS_DIR; };
/* End PBXFileReference section */

/* Begin PBXFrameworksBuildPhase section */
		6A023FAC20D8DDB3005F362A /* Frameworks */ = {
			isa = PBXFrameworksBuildPhase;
			buildActionMask = 2147483647;
			files = (
				65D2CAD2E5C50CF3A40C6E4E /* Pods_mtd_bus_app_iOS.framework in Frameworks */,
			);
			runOnlyForDeploymentPostprocessing = 0;
		};
		6A023FC020D8DDB3005F362A /* Frameworks */ = {
			isa = PBXFrameworksBuildPhase;
			buildActionMask = 2147483647;
			files = (
				538E1D909AF0B96B7834BA00 /* Pods_mtd_bus_app_iOSTests.framework in Frameworks */,
			);
			runOnlyForDeploymentPostprocessing = 0;
		};
		6A023FCB20D8DDB3005F362A /* Frameworks */ = {
			isa = PBXFrameworksBuildPhase;
			buildActionMask = 2147483647;
			files = (
				92ABCD4EF437F5AABFE20CAE /* Pods_mtd_bus_app_iOSUITests.framework in Frameworks */,
			);
			runOnlyForDeploymentPostprocessing = 0;
		};
/* End PBXFrameworksBuildPhase section */

/* Begin PBXGroup section */
		337D6CCAAEE253E15F552416 /* Frameworks */ = {
			isa = PBXGroup;
			children = (
				95BFBDD10188830E4190311A /* Pods_mtd_bus_app_iOS.framework */,
				E7D3D07AE5F70B2ACFD5DD6A /* Pods_mtd_bus_app_iOSTests.framework */,
				F881D1F1498CE70D83B45BA1 /* Pods_mtd_bus_app_iOSUITests.framework */,
			);
			name = Frameworks;
			sourceTree = "<group>";
		};
		39443B02E04609B713366C5D /* Pods */ = {
			isa = PBXGroup;
			children = (
				7EEFC8F10BFE82C213C77135 /* Pods-mtd-bus-app-iOS.debug.xcconfig */,
				BCD5A270839AD75ED4EA312A /* Pods-mtd-bus-app-iOS.release.xcconfig */,
				8A59E6CE5F3676741FD5A8F0 /* Pods-mtd-bus-app-iOSTests.debug.xcconfig */,
				A4BAF51A66350200EE981294 /* Pods-mtd-bus-app-iOSTests.release.xcconfig */,
				6F5C7E5DC56394997CB687BD /* Pods-mtd-bus-app-iOSUITests.debug.xcconfig */,
				0E7C6C4C8F09288591922620 /* Pods-mtd-bus-app-iOSUITests.release.xcconfig */,
			);
			name = Pods;
			sourceTree = "<group>";
		};
		6A023FA620D8DDB3005F362A = {
			isa = PBXGroup;
			children = (
				6A023FB120D8DDB3005F362A /* mtd-bus-app-iOS */,
				6A023FC620D8DDB3005F362A /* mtd-bus-app-iOSTests */,
				6A023FD120D8DDB3005F362A /* mtd-bus-app-iOSUITests */,
				6A023FB020D8DDB3005F362A /* Products */,
				39443B02E04609B713366C5D /* Pods */,
				337D6CCAAEE253E15F552416 /* Frameworks */,
			);
			sourceTree = "<group>";
		};
		6A023FB020D8DDB3005F362A /* Products */ = {
			isa = PBXGroup;
			children = (
				6A023FAF20D8DDB3005F362A /* mtd-bus-app-iOS.app */,
				6A023FC320D8DDB3005F362A /* mtd-bus-app-iOSTests.xctest */,
				6A023FCE20D8DDB3005F362A /* mtd-bus-app-iOSUITests.xctest */,
			);
			name = Products;
			sourceTree = "<group>";
		};
		6A023FB120D8DDB3005F362A /* mtd-bus-app-iOS */ = {
			isa = PBXGroup;
			children = (
				6A023FB220D8DDB3005F362A /* AppDelegate.swift */,
				6A023FB420D8DDB3005F362A /* ViewController.swift */,
				6A023FB620D8DDB3005F362A /* Main.storyboard */,
				6A023FB920D8DDB3005F362A /* Assets.xcassets */,
				6A023FBE20D8DDB3005F362A /* Info.plist */,
				6A122B2120E603CC00743801 /* LeftViewController.swift */,
				6A122B2320E6043900743801 /* TransitionedViewController.swift */,
				6A122B2520E610C200743801 /* AppToolbarController.swift */,
				6A122B2720E619FB00743801 /* AppNavigationDrawerController.swift */,
			);
			path = "mtd-bus-app-iOS";
			sourceTree = "<group>";
		};
		6A023FC620D8DDB3005F362A /* mtd-bus-app-iOSTests */ = {
			isa = PBXGroup;
			children = (
				6A023FC720D8DDB3005F362A /* mtd_bus_app_iOSTests.swift */,
				6A023FC920D8DDB3005F362A /* Info.plist */,
			);
			path = "mtd-bus-app-iOSTests";
			sourceTree = "<group>";
		};
		6A023FD120D8DDB3005F362A /* mtd-bus-app-iOSUITests */ = {
			isa = PBXGroup;
			children = (
				6A023FD220D8DDB3005F362A /* mtd_bus_app_iOSUITests.swift */,
				6A023FD420D8DDB3005F362A /* Info.plist */,
			);
			path = "mtd-bus-app-iOSUITests";
			sourceTree = "<group>";
		};
/* End PBXGroup section */

/* Begin PBXNativeTarget section */
		6A023FAE20D8DDB3005F362A /* mtd-bus-app-iOS */ = {
			isa = PBXNativeTarget;
			buildConfigurationList = 6A023FD720D8DDB3005F362A /* Build configuration list for PBXNativeTarget "mtd-bus-app-iOS" */;
			buildPhases = (
				66C7C6760478819195145005 /* [CP] Check Pods Manifest.lock */,
				6A023FAB20D8DDB3005F362A /* Sources */,
				6A023FAC20D8DDB3005F362A /* Frameworks */,
				6A023FAD20D8DDB3005F362A /* Resources */,
				E3F5F65700D1F3B0E2B3A113 /* [CP] Embed Pods Frameworks */,
			);
			buildRules = (
			);
			dependencies = (
			);
			name = "mtd-bus-app-iOS";
			productName = "mtd-bus-app-iOS";
			productReference = 6A023FAF20D8DDB3005F362A /* mtd-bus-app-iOS.app */;
			productType = "com.apple.product-type.application";
		};
		6A023FC220D8DDB3005F362A /* mtd-bus-app-iOSTests */ = {
			isa = PBXNativeTarget;
			buildConfigurationList = 6A023FDA20D8DDB3005F362A /* Build configuration list for PBXNativeTarget "mtd-bus-app-iOSTests" */;
			buildPhases = (
				C0EF3D557692A6F31D95A804 /* [CP] Check Pods Manifest.lock */,
				6A023FBF20D8DDB3005F362A /* Sources */,
				6A023FC020D8DDB3005F362A /* Frameworks */,
				6A023FC120D8DDB3005F362A /* Resources */,
			);
			buildRules = (
			);
			dependencies = (
				6A023FC520D8DDB3005F362A /* PBXTargetDependency */,
			);
			name = "mtd-bus-app-iOSTests";
			productName = "mtd-bus-app-iOSTests";
			productReference = 6A023FC320D8DDB3005F362A /* mtd-bus-app-iOSTests.xctest */;
			productType = "com.apple.product-type.bundle.unit-test";
		};
		6A023FCD20D8DDB3005F362A /* mtd-bus-app-iOSUITests */ = {
			isa = PBXNativeTarget;
			buildConfigurationList = 6A023FDD20D8DDB3005F362A /* Build configuration list for PBXNativeTarget "mtd-bus-app-iOSUITests" */;
			buildPhases = (
				D48413232D912BDE638C2929 /* [CP] Check Pods Manifest.lock */,
				6A023FCA20D8DDB3005F362A /* Sources */,
				6A023FCB20D8DDB3005F362A /* Frameworks */,
				6A023FCC20D8DDB3005F362A /* Resources */,
			);
			buildRules = (
			);
			dependencies = (
				6A023FD020D8DDB3005F362A /* PBXTargetDependency */,
			);
			name = "mtd-bus-app-iOSUITests";
			productName = "mtd-bus-app-iOSUITests";
			productReference = 6A023FCE20D8DDB3005F362A /* mtd-bus-app-iOSUITests.xctest */;
			productType = "com.apple.product-type.bundle.ui-testing";
		};
/* End PBXNativeTarget section */

/* Begin PBXProject section */
		6A023FA720D8DDB3005F362A /* Project object */ = {
			isa = PBXProject;
			attributes = {
				LastSwiftUpdateCheck = 0920;
				LastUpgradeCheck = 0920;
				ORGANIZATIONNAME = "Pradeep Kumar";
				TargetAttributes = {
					6A023FAE20D8DDB3005F362A = {
						CreatedOnToolsVersion = 9.2;
						ProvisioningStyle = Automatic;
					};
					6A023FC220D8DDB3005F362A = {
						CreatedOnToolsVersion = 9.2;
						ProvisioningStyle = Automatic;
						TestTargetID = 6A023FAE20D8DDB3005F362A;
					};
					6A023FCD20D8DDB3005F362A = {
						CreatedOnToolsVersion = 9.2;
						ProvisioningStyle = Automatic;
						TestTargetID = 6A023FAE20D8DDB3005F362A;
					};
				};
			};
			buildConfigurationList = 6A023FAA20D8DDB3005F362A /* Build configuration list for PBXProject "mtd-bus-app-iOS" */;
			compatibilityVersion = "Xcode 8.0";
			developmentRegion = en;
			hasScannedForEncodings = 0;
			knownRegions = (
				en,
				Base,
			);
			mainGroup = 6A023FA620D8DDB3005F362A;
			productRefGroup = 6A023FB020D8DDB3005F362A /* Products */;
			projectDirPath = "";
			projectRoot = "";
			targets = (
				6A023FAE20D8DDB3005F362A /* mtd-bus-app-iOS */,
				6A023FC220D8DDB3005F362A /* mtd-bus-app-iOSTests */,
				6A023FCD20D8DDB3005F362A /* mtd-bus-app-iOSUITests */,
			);
		};
/* End PBXProject section */

/* Begin PBXResourcesBuildPhase section */
		6A023FAD20D8DDB3005F362A /* Resources */ = {
			isa = PBXResourcesBuildPhase;
			buildActionMask = 2147483647;
			files = (
				6A023FBA20D8DDB3005F362A /* Assets.xcassets in Resources */,
				6A023FB820D8DDB3005F362A /* Main.storyboard in Resources */,
			);
			runOnlyForDeploymentPostprocessing = 0;
		};
		6A023FC120D8DDB3005F362A /* Resources */ = {
			isa = PBXResourcesBuildPhase;
			buildActionMask = 2147483647;
			files = (
			);
			runOnlyForDeploymentPostprocessing = 0;
		};
		6A023FCC20D8DDB3005F362A /* Resources */ = {
			isa = PBXResourcesBuildPhase;
			buildActionMask = 2147483647;
			files = (
			);
			runOnlyForDeploymentPostprocessing = 0;
		};
/* End PBXResourcesBuildPhase section */

/* Begin PBXShellScriptBuildPhase section */
		66C7C6760478819195145005 /* [CP] Check Pods Manifest.lock */ = {
			isa = PBXShellScriptBuildPhase;
			buildActionMask = 2147483647;
			files = (
			);
			inputPaths = (
				"${PODS_PODFILE_DIR_PATH}/Podfile.lock",
				"${PODS_ROOT}/Manifest.lock",
			);
			name = "[CP] Check Pods Manifest.lock";
			outputPaths = (
				"$(DERIVED_FILE_DIR)/Pods-mtd-bus-app-iOS-checkManifestLockResult.txt",
			);
			runOnlyForDeploymentPostprocessing = 0;
			shellPath = /bin/sh;
			shellScript = "diff \"${PODS_PODFILE_DIR_PATH}/Podfile.lock\" \"${PODS_ROOT}/Manifest.lock\" > /dev/null\nif [ $? != 0 ] ; then\n    # print error to STDERR\n    echo \"error: The sandbox is not in sync with the Podfile.lock. Run 'pod install' or update your CocoaPods installation.\" >&2\n    exit 1\nfi\n# This output is used by Xcode 'outputs' to avoid re-running this script phase.\necho \"SUCCESS\" > \"${SCRIPT_OUTPUT_FILE_0}\"\n";
			showEnvVarsInLog = 0;
		};
		C0EF3D557692A6F31D95A804 /* [CP] Check Pods Manifest.lock */ = {
			isa = PBXShellScriptBuildPhase;
			buildActionMask = 2147483647;
			files = (
			);
			inputPaths = (
				"${PODS_PODFILE_DIR_PATH}/Podfile.lock",
				"${PODS_ROOT}/Manifest.lock",
			);
			name = "[CP] Check Pods Manifest.lock";
			outputPaths = (
				"$(DERIVED_FILE_DIR)/Pods-mtd-bus-app-iOSTests-checkManifestLockResult.txt",
			);
			runOnlyForDeploymentPostprocessing = 0;
			shellPath = /bin/sh;
			shellScript = "diff \"${PODS_PODFILE_DIR_PATH}/Podfile.lock\" \"${PODS_ROOT}/Manifest.lock\" > /dev/null\nif [ $? != 0 ] ; then\n    # print error to STDERR\n    echo \"error: The sandbox is not in sync with the Podfile.lock. Run 'pod install' or update your CocoaPods installation.\" >&2\n    exit 1\nfi\n# This output is used by Xcode 'outputs' to avoid re-running this script phase.\necho \"SUCCESS\" > \"${SCRIPT_OUTPUT_FILE_0}\"\n";
			showEnvVarsInLog = 0;
		};
		D48413232D912BDE638C2929 /* [CP] Check Pods Manifest.lock */ = {
			isa = PBXShellScriptBuildPhase;
			buildActionMask = 2147483647;
			files = (
			);
			inputPaths = (
				"${PODS_PODFILE_DIR_PATH}/Podfile.lock",
				"${PODS_ROOT}/Manifest.lock",
			);
			name = "[CP] Check Pods Manifest.lock";
			outputPaths = (
				"$(DERIVED_FILE_DIR)/Pods-mtd-bus-app-iOSUITests-checkManifestLockResult.txt",
			);
			runOnlyForDeploymentPostprocessing = 0;
			shellPath = /bin/sh;
			shellScript = "diff \"${PODS_PODFILE_DIR_PATH}/Podfile.lock\" \"${PODS_ROOT}/Manifest.lock\" > /dev/null\nif [ $? != 0 ] ; then\n    # print error to STDERR\n    echo \"error: The sandbox is not in sync with the Podfile.lock. Run 'pod install' or update your CocoaPods installation.\" >&2\n    exit 1\nfi\n# This output is used by Xcode 'outputs' to avoid re-running this script phase.\necho \"SUCCESS\" > \"${SCRIPT_OUTPUT_FILE_0}\"\n";
			showEnvVarsInLog = 0;
		};
		E3F5F65700D1F3B0E2B3A113 /* [CP] Embed Pods Frameworks */ = {
			isa = PBXShellScriptBuildPhase;
			buildActionMask = 2147483647;
			files = (
			);
			inputPaths = (
				"${SRCROOT}/Pods/Target Support Files/Pods-mtd-bus-app-iOS/Pods-mtd-bus-app-iOS-frameworks.sh",
				"${BUILT_PRODUCTS_DIR}/Material/Material.framework",
				"${BUILT_PRODUCTS_DIR}/Motion/Motion.framework",
			);
			name = "[CP] Embed Pods Frameworks";
			outputPaths = (
				"${TARGET_BUILD_DIR}/${FRAMEWORKS_FOLDER_PATH}/Material.framework",
				"${TARGET_BUILD_DIR}/${FRAMEWORKS_FOLDER_PATH}/Motion.framework",
			);
			runOnlyForDeploymentPostprocessing = 0;
			shellPath = /bin/sh;
			shellScript = "\"${SRCROOT}/Pods/Target Support Files/Pods-mtd-bus-app-iOS/Pods-mtd-bus-app-iOS-frameworks.sh\"\n";
			showEnvVarsInLog = 0;
		};
/* End PBXShellScriptBuildPhase section */

/* Begin PBXSourcesBuildPhase section */
		6A023FAB20D8DDB3005F362A /* Sources */ = {
			isa = PBXSourcesBuildPhase;
			buildActionMask = 2147483647;
			files = (
				6A122B2820E619FB00743801 /* AppNavigationDrawerController.swift in Sources */,
				6A122B2420E6043900743801 /* TransitionedViewController.swift in Sources */,
				6A122B2220E603CC00743801 /* LeftViewController.swift in Sources */,
				6A023FB520D8DDB3005F362A /* ViewController.swift in Sources */,
				6A023FB320D8DDB3005F362A /* AppDelegate.swift in Sources */,
				6A122B2620E610C200743801 /* AppToolbarController.swift in Sources */,
			);
			runOnlyForDeploymentPostprocessing = 0;
		};
		6A023FBF20D8DDB3005F362A /* Sources */ = {
			isa = PBXSourcesBuildPhase;
			buildActionMask = 2147483647;
			files = (
				6A023FC820D8DDB3005F362A /* mtd_bus_app_iOSTests.swift in Sources */,
			);
			runOnlyForDeploymentPostprocessing = 0;
		};
		6A023FCA20D8DDB3005F362A /* Sources */ = {
			isa = PBXSourcesBuildPhase;
			buildActionMask = 2147483647;
			files = (
				6A023FD320D8DDB3005F362A /* mtd_bus_app_iOSUITests.swift in Sources */,
			);
			runOnlyForDeploymentPostprocessing = 0;
		};
/* End PBXSourcesBuildPhase section */

/* Begin PBXTargetDependency section */
		6A023FC520D8DDB3005F362A /* PBXTargetDependency */ = {
			isa = PBXTargetDependency;
			target = 6A023FAE20D8DDB3005F362A /* mtd-bus-app-iOS */;
			targetProxy = 6A023FC420D8DDB3005F362A /* PBXContainerItemProxy */;
		};
		6A023FD020D8DDB3005F362A /* PBXTargetDependency */ = {
			isa = PBXTargetDependency;
			target = 6A023FAE20D8DDB3005F362A /* mtd-bus-app-iOS */;
			targetProxy = 6A023FCF20D8DDB3005F362A /* PBXContainerItemProxy */;
		};
/* End PBXTargetDependency section */

/* Begin PBXVariantGroup section */
		6A023FB620D8DDB3005F362A /* Main.storyboard */ = {
			isa = PBXVariantGroup;
			children = (
				6A023FB720D8DDB3005F362A /* Base */,
			);
			name = Main.storyboard;
			sourceTree = "<group>";
		};
/* End PBXVariantGroup section */

/* Begin XCBuildConfiguration section */
		6A023FD520D8DDB3005F362A /* Debug */ = {
			isa = XCBuildConfiguration;
			buildSettings = {
				ALWAYS_SEARCH_USER_PATHS = NO;
				CLANG_ANALYZER_NONNULL = YES;
				CLANG_ANALYZER_NUMBER_OBJECT_CONVERSION = YES_AGGRESSIVE;
				CLANG_CXX_LANGUAGE_STANDARD = "gnu++14";
				CLANG_CXX_LIBRARY = "libc++";
				CLANG_ENABLE_MODULES = YES;
				CLANG_ENABLE_OBJC_ARC = YES;
				CLANG_WARN_BLOCK_CAPTURE_AUTORELEASING = YES;
				CLANG_WARN_BOOL_CONVERSION = YES;
				CLANG_WARN_COMMA = YES;
				CLANG_WARN_CONSTANT_CONVERSION = YES;
				CLANG_WARN_DIRECT_OBJC_ISA_USAGE = YES_ERROR;
				CLANG_WARN_DOCUMENTATION_COMMENTS = YES;
				CLANG_WARN_EMPTY_BODY = YES;
				CLANG_WARN_ENUM_CONVERSION = YES;
				CLANG_WARN_INFINITE_RECURSION = YES;
				CLANG_WARN_INT_CONVERSION = YES;
				CLANG_WARN_NON_LITERAL_NULL_CONVERSION = YES;
				CLANG_WARN_OBJC_LITERAL_CONVERSION = YES;
				CLANG_WARN_OBJC_ROOT_CLASS = YES_ERROR;
				CLANG_WARN_RANGE_LOOP_ANALYSIS = YES;
				CLANG_WARN_STRICT_PROTOTYPES = YES;
				CLANG_WARN_SUSPICIOUS_MOVE = YES;
				CLANG_WARN_UNGUARDED_AVAILABILITY = YES_AGGRESSIVE;
				CLANG_WARN_UNREACHABLE_CODE = YES;
				CLANG_WARN__DUPLICATE_METHOD_MATCH = YES;
				CODE_SIGN_IDENTITY = "iPhone Developer";
				COPY_PHASE_STRIP = NO;
				DEBUG_INFORMATION_FORMAT = dwarf;
				ENABLE_STRICT_OBJC_MSGSEND = YES;
				ENABLE_TESTABILITY = YES;
				GCC_C_LANGUAGE_STANDARD = gnu11;
				GCC_DYNAMIC_NO_PIC = NO;
				GCC_NO_COMMON_BLOCKS = YES;
				GCC_OPTIMIZATION_LEVEL = 0;
				GCC_PREPROCESSOR_DEFINITIONS = (
					"DEBUG=1",
					"$(inherited)",
				);
				GCC_WARN_64_TO_32_BIT_CONVERSION = YES;
				GCC_WARN_ABOUT_RETURN_TYPE = YES_ERROR;
				GCC_WARN_UNDECLARED_SELECTOR = YES;
				GCC_WARN_UNINITIALIZED_AUTOS = YES_AGGRESSIVE;
				GCC_WARN_UNUSED_FUNCTION = YES;
				GCC_WARN_UNUSED_VARIABLE = YES;
				IPHONEOS_DEPLOYMENT_TARGET = 11.2;
				MTL_ENABLE_DEBUG_INFO = YES;
				ONLY_ACTIVE_ARCH = YES;
				SDKROOT = iphoneos;
				SWIFT_ACTIVE_COMPILATION_CONDITIONS = DEBUG;
				SWIFT_OPTIMIZATION_LEVEL = "-Onone";
			};
			name = Debug;
		};
		6A023FD620D8DDB3005F362A /* Release */ = {
			isa = XCBuildConfiguration;
			buildSettings = {
				ALWAYS_SEARCH_USER_PATHS = NO;
				CLANG_ANALYZER_NONNULL = YES;
				CLANG_ANALYZER_NUMBER_OBJECT_CONVERSION = YES_AGGRESSIVE;
				CLANG_CXX_LANGUAGE_STANDARD = "gnu++14";
				CLANG_CXX_LIBRARY = "libc++";
				CLANG_ENABLE_MODULES = YES;
				CLANG_ENABLE_OBJC_ARC = YES;
				CLANG_WARN_BLOCK_CAPTURE_AUTORELEASING = YES;
				CLANG_WARN_BOOL_CONVERSION = YES;
				CLANG_WARN_COMMA = YES;
				CLANG_WARN_CONSTANT_CONVERSION = YES;
				CLANG_WARN_DIRECT_OBJC_ISA_USAGE = YES_ERROR;
				CLANG_WARN_DOCUMENTATION_COMMENTS = YES;
				CLANG_WARN_EMPTY_BODY = YES;
				CLANG_WARN_ENUM_CONVERSION = YES;
				CLANG_WARN_INFINITE_RECURSION = YES;
				CLANG_WARN_INT_CONVERSION = YES;
				CLANG_WARN_NON_LITERAL_NULL_CONVERSION = YES;
				CLANG_WARN_OBJC_LITERAL_CONVERSION = YES;
				CLANG_WARN_OBJC_ROOT_CLASS = YES_ERROR;
				CLANG_WARN_RANGE_LOOP_ANALYSIS = YES;
				CLANG_WARN_STRICT_PROTOTYPES = YES;
				CLANG_WARN_SUSPICIOUS_MOVE = YES;
				CLANG_WARN_UNGUARDED_AVAILABILITY = YES_AGGRESSIVE;
				CLANG_WARN_UNREACHABLE_CODE = YES;
				CLANG_WARN__DUPLICATE_METHOD_MATCH = YES;
				CODE_SIGN_IDENTITY = "iPhone Developer";
				COPY_PHASE_STRIP = NO;
				DEBUG_INFORMATION_FORMAT = "dwarf-with-dsym";
				ENABLE_NS_ASSERTIONS = NO;
				ENABLE_STRICT_OBJC_MSGSEND = YES;
				GCC_C_LANGUAGE_STANDARD = gnu11;
				GCC_NO_COMMON_BLOCKS = YES;
				GCC_WARN_64_TO_32_BIT_CONVERSION = YES;
				GCC_WARN_ABOUT_RETURN_TYPE = YES_ERROR;
				GCC_WARN_UNDECLARED_SELECTOR = YES;
				GCC_WARN_UNINITIALIZED_AUTOS = YES_AGGRESSIVE;
				GCC_WARN_UNUSED_FUNCTION = YES;
				GCC_WARN_UNUSED_VARIABLE = YES;
				IPHONEOS_DEPLOYMENT_TARGET = 11.2;
				MTL_ENABLE_DEBUG_INFO = NO;
				SDKROOT = iphoneos;
				SWIFT_OPTIMIZATION_LEVEL = "-Owholemodule";
				VALIDATE_PRODUCT = YES;
			};
			name = Release;
		};
		6A023FD820D8DDB3005F362A /* Debug */ = {
			isa = XCBuildConfiguration;
			baseConfigurationReference = 7EEFC8F10BFE82C213C77135 /* Pods-mtd-bus-app-iOS.debug.xcconfig */;
			buildSettings = {
				ASSETCATALOG_COMPILER_APPICON_NAME = AppIcon;
				CODE_SIGN_STYLE = Automatic;
				DEVELOPMENT_TEAM = YUVCNXW3P2;
				INFOPLIST_FILE = "mtd-bus-app-iOS/Info.plist";
				LD_RUNPATH_SEARCH_PATHS = "$(inherited) @executable_path/Frameworks";
				PRODUCT_BUNDLE_IDENTIFIER = "pradeep.mtd-bus-app-iOS";
				PRODUCT_NAME = "$(TARGET_NAME)";
				SWIFT_VERSION = 4.0;
				SYSTEM_HEADER_SEARCH_PATHS = "$(SRCROOT)/Pods/**";
				TARGETED_DEVICE_FAMILY = "1,2";
			};
			name = Debug;
		};
		6A023FD920D8DDB3005F362A /* Release */ = {
			isa = XCBuildConfiguration;
			baseConfigurationReference = BCD5A270839AD75ED4EA312A /* Pods-mtd-bus-app-iOS.release.xcconfig */;
			buildSettings = {
				ASSETCATALOG_COMPILER_APPICON_NAME = AppIcon;
				CODE_SIGN_STYLE = Automatic;
				DEVELOPMENT_TEAM = YUVCNXW3P2;
				INFOPLIST_FILE = "mtd-bus-app-iOS/Info.plist";
				LD_RUNPATH_SEARCH_PATHS = "$(inherited) @executable_path/Frameworks";
				PRODUCT_BUNDLE_IDENTIFIER = "pradeep.mtd-bus-app-iOS";
				PRODUCT_NAME = "$(TARGET_NAME)";
				SWIFT_VERSION = 4.0;
				SYSTEM_HEADER_SEARCH_PATHS = "$(SRCROOT)/Pods/**";
				TARGETED_DEVICE_FAMILY = "1,2";
			};
			name = Release;
		};
		6A023FDB20D8DDB3005F362A /* Debug */ = {
			isa = XCBuildConfiguration;
			baseConfigurationReference = 8A59E6CE5F3676741FD5A8F0 /* Pods-mtd-bus-app-iOSTests.debug.xcconfig */;
			buildSettings = {
				ALWAYS_EMBED_SWIFT_STANDARD_LIBRARIES = YES;
				BUNDLE_LOADER = "$(TEST_HOST)";
				CODE_SIGN_STYLE = Automatic;
				DEVELOPMENT_TEAM = YUVCNXW3P2;
				INFOPLIST_FILE = "mtd-bus-app-iOSTests/Info.plist";
				LD_RUNPATH_SEARCH_PATHS = "$(inherited) @executable_path/Frameworks @loader_path/Frameworks";
				PRODUCT_BUNDLE_IDENTIFIER = "pradeep.mtd-bus-app-iOSTests";
				PRODUCT_NAME = "$(TARGET_NAME)";
				SWIFT_VERSION = 4.0;
				TARGETED_DEVICE_FAMILY = "1,2";
				TEST_HOST = "$(BUILT_PRODUCTS_DIR)/mtd-bus-app-iOS.app/mtd-bus-app-iOS";
			};
			name = Debug;
		};
		6A023FDC20D8DDB3005F362A /* Release */ = {
			isa = XCBuildConfiguration;
			baseConfigurationReference = A4BAF51A66350200EE981294 /* Pods-mtd-bus-app-iOSTests.release.xcconfig */;
			buildSettings = {
				ALWAYS_EMBED_SWIFT_STANDARD_LIBRARIES = YES;
				BUNDLE_LOADER = "$(TEST_HOST)";
				CODE_SIGN_STYLE = Automatic;
				DEVELOPMENT_TEAM = YUVCNXW3P2;
				INFOPLIST_FILE = "mtd-bus-app-iOSTests/Info.plist";
				LD_RUNPATH_SEARCH_PATHS = "$(inherited) @executable_path/Frameworks @loader_path/Frameworks";
				PRODUCT_BUNDLE_IDENTIFIER = "pradeep.mtd-bus-app-iOSTests";
				PRODUCT_NAME = "$(TARGET_NAME)";
				SWIFT_VERSION = 4.0;
				TARGETED_DEVICE_FAMILY = "1,2";
				TEST_HOST = "$(BUILT_PRODUCTS_DIR)/mtd-bus-app-iOS.app/mtd-bus-app-iOS";
			};
			name = Release;
		};
		6A023FDE20D8DDB3005F362A /* Debug */ = {
			isa = XCBuildConfiguration;
			baseConfigurationReference = 6F5C7E5DC56394997CB687BD /* Pods-mtd-bus-app-iOSUITests.debug.xcconfig */;
			buildSettings = {
				ALWAYS_EMBED_SWIFT_STANDARD_LIBRARIES = YES;
				CODE_SIGN_STYLE = Automatic;
				DEVELOPMENT_TEAM = YUVCNXW3P2;
				INFOPLIST_FILE = "mtd-bus-app-iOSUITests/Info.plist";
				LD_RUNPATH_SEARCH_PATHS = "$(inherited) @executable_path/Frameworks @loader_path/Frameworks";
				PRODUCT_BUNDLE_IDENTIFIER = "pradeep.mtd-bus-app-iOSUITests";
				PRODUCT_NAME = "$(TARGET_NAME)";
				SWIFT_VERSION = 4.0;
				TARGETED_DEVICE_FAMILY = "1,2";
				TEST_TARGET_NAME = "mtd-bus-app-iOS";
			};
			name = Debug;
		};
		6A023FDF20D8DDB3005F362A /* Release */ = {
			isa = XCBuildConfiguration;
			baseConfigurationReference = 0E7C6C4C8F09288591922620 /* Pods-mtd-bus-app-iOSUITests.release.xcconfig */;
			buildSettings = {
				ALWAYS_EMBED_SWIFT_STANDARD_LIBRARIES = YES;
				CODE_SIGN_STYLE = Automatic;
				DEVELOPMENT_TEAM = YUVCNXW3P2;
				INFOPLIST_FILE = "mtd-bus-app-iOSUITests/Info.plist";
				LD_RUNPATH_SEARCH_PATHS = "$(inherited) @executable_path/Frameworks @loader_path/Frameworks";
				PRODUCT_BUNDLE_IDENTIFIER = "pradeep.mtd-bus-app-iOSUITests";
				PRODUCT_NAME = "$(TARGET_NAME)";
				SWIFT_VERSION = 4.0;
				TARGETED_DEVICE_FAMILY = "1,2";
				TEST_TARGET_NAME = "mtd-bus-app-iOS";
			};
			name = Release;
		};
/* End XCBuildConfiguration section */

/* Begin XCConfigurationList section */
		6A023FAA20D8DDB3005F362A /* Build configuration list for PBXProject "mtd-bus-app-iOS" */ = {
			isa = XCConfigurationList;
			buildConfigurations = (
				6A023FD520D8DDB3005F362A /* Debug */,
				6A023FD620D8DDB3005F362A /* Release */,
			);
			defaultConfigurationIsVisible = 0;
			defaultConfigurationName = Release;
		};
		6A023FD720D8DDB3005F362A /* Build configuration list for PBXNativeTarget "mtd-bus-app-iOS" */ = {
			isa = XCConfigurationList;
			buildConfigurations = (
				6A023FD820D8DDB3005F362A /* Debug */,
				6A023FD920D8DDB3005F362A /* Release */,
			);
			defaultConfigurationIsVisible = 0;
			defaultConfigurationName = Release;
		};
		6A023FDA20D8DDB3005F362A /* Build configuration list for PBXNativeTarget "mtd-bus-app-iOSTests" */ = {
			isa = XCConfigurationList;
			buildConfigurations = (
				6A023FDB20D8DDB3005F362A /* Debug */,
				6A023FDC20D8DDB3005F362A /* Release */,
			);
			defaultConfigurationIsVisible = 0;
			defaultConfigurationName = Release;
		};
		6A023FDD20D8DDB3005F362A /* Build configuration list for PBXNativeTarget "mtd-bus-app-iOSUITests" */ = {
			isa = XCConfigurationList;
			buildConfigurations = (
				6A023FDE20D8DDB3005F362A /* Debug */,
				6A023FDF20D8DDB3005F362A /* Release */,
			);
			defaultConfigurationIsVisible = 0;
			defaultConfigurationName = Release;
		};
/* End XCConfigurationList section */
	};
	rootObject = 6A023FA720D8DDB3005F362A /* Project object */;
}
