// !$*UTF8*$!
{
	archiveVersion = 1;
	classes = {
	};
	objectVersion = 50;
	objects = {

/* Begin PBXBuildFile section */
		2C18E0567CFC94B7FBD8F39A /* Pods_mtd_bus_app_iOS.framework in Frameworks */ = {isa = PBXBuildFile; fileRef = A4257FE171747D61B21C25B4 /* Pods_mtd_bus_app_iOS.framework */; };
		6A08EEBC20EA8222005439A4 /* AppDelegate.swift in Sources */ = {isa = PBXBuildFile; fileRef = 6A08EEBB20EA8222005439A4 /* AppDelegate.swift */; };
		6A08EEBE20EA8222005439A4 /* ViewController.swift in Sources */ = {isa = PBXBuildFile; fileRef = 6A08EEBD20EA8222005439A4 /* ViewController.swift */; };
		6A08EEC120EA8222005439A4 /* Main.storyboard in Resources */ = {isa = PBXBuildFile; fileRef = 6A08EEBF20EA8222005439A4 /* Main.storyboard */; };
		6A08EEC320EA8222005439A4 /* Assets.xcassets in Resources */ = {isa = PBXBuildFile; fileRef = 6A08EEC220EA8222005439A4 /* Assets.xcassets */; };
		6A08EECB20EA8223005439A4 /* mtd-bus-app-iOS WatchKit App.app in Embed Watch Content */ = {isa = PBXBuildFile; fileRef = 6A08EECA20EA8223005439A4 /* mtd-bus-app-iOS WatchKit App.app */; };
		6A08EED120EA8223005439A4 /* Interface.storyboard in Resources */ = {isa = PBXBuildFile; fileRef = 6A08EECF20EA8223005439A4 /* Interface.storyboard */; };
		6A08EED320EA8223005439A4 /* Assets.xcassets in Resources */ = {isa = PBXBuildFile; fileRef = 6A08EED220EA8223005439A4 /* Assets.xcassets */; };
		6A08EEDA20EA8223005439A4 /* mtd-bus-app-iOS WatchKit Extension.appex in Embed App Extensions */ = {isa = PBXBuildFile; fileRef = 6A08EED920EA8223005439A4 /* mtd-bus-app-iOS WatchKit Extension.appex */; settings = {ATTRIBUTES = (RemoveHeadersOnCopy, ); }; };
		6A08EEDF20EA8223005439A4 /* InterfaceController.swift in Sources */ = {isa = PBXBuildFile; fileRef = 6A08EEDE20EA8223005439A4 /* InterfaceController.swift */; };
		6A08EEE120EA8223005439A4 /* ExtensionDelegate.swift in Sources */ = {isa = PBXBuildFile; fileRef = 6A08EEE020EA8223005439A4 /* ExtensionDelegate.swift */; };
		6A08EEE320EA8223005439A4 /* NotificationController.swift in Sources */ = {isa = PBXBuildFile; fileRef = 6A08EEE220EA8223005439A4 /* NotificationController.swift */; };
		6A08EEE520EA8223005439A4 /* ComplicationController.swift in Sources */ = {isa = PBXBuildFile; fileRef = 6A08EEE420EA8223005439A4 /* ComplicationController.swift */; };
		6A08EEE720EA8224005439A4 /* Assets.xcassets in Resources */ = {isa = PBXBuildFile; fileRef = 6A08EEE620EA8224005439A4 /* Assets.xcassets */; };
		6A389C3620EA85A000A938D8 /* stopData.xcdatamodeld in Sources */ = {isa = PBXBuildFile; fileRef = 6A389C3420EA85A000A938D8 /* stopData.xcdatamodeld */; };
		6A389C3820EA862800A938D8 /* StopBusListViewController.swift in Sources */ = {isa = PBXBuildFile; fileRef = 6A389C3720EA862800A938D8 /* StopBusListViewController.swift */; };
		AF106747649DFE224B80DC53 /* Pods_mtd_bus_app_iOS_WatchKit_App.framework in Frameworks */ = {isa = PBXBuildFile; fileRef = 7B9A485519CAAB5DCF48344E /* Pods_mtd_bus_app_iOS_WatchKit_App.framework */; };
		EA25A7B7BEC2F71ED127F44D /* Pods_mtd_bus_app_iOS_WatchKit_Extension.framework in Frameworks */ = {isa = PBXBuildFile; fileRef = 075606FDF3A534DF11960679 /* Pods_mtd_bus_app_iOS_WatchKit_Extension.framework */; };
/* End PBXBuildFile section */

/* Begin PBXContainerItemProxy section */
		6A08EECC20EA8223005439A4 /* PBXContainerItemProxy */ = {
			isa = PBXContainerItemProxy;
			containerPortal = 6A08EEB020EA8221005439A4 /* Project object */;
			proxyType = 1;
			remoteGlobalIDString = 6A08EEC920EA8223005439A4;
			remoteInfo = "mtd-bus-app-iOS WatchKit App";
		};
		6A08EEDB20EA8223005439A4 /* PBXContainerItemProxy */ = {
			isa = PBXContainerItemProxy;
			containerPortal = 6A08EEB020EA8221005439A4 /* Project object */;
			proxyType = 1;
			remoteGlobalIDString = 6A08EED820EA8223005439A4;
			remoteInfo = "mtd-bus-app-iOS WatchKit Extension";
		};
/* End PBXContainerItemProxy section */

/* Begin PBXCopyFilesBuildPhase section */
		6A08EEEF20EA8224005439A4 /* Embed App Extensions */ = {
			isa = PBXCopyFilesBuildPhase;
			buildActionMask = 2147483647;
			dstPath = "";
			dstSubfolderSpec = 13;
			files = (
				6A08EEDA20EA8223005439A4 /* mtd-bus-app-iOS WatchKit Extension.appex in Embed App Extensions */,
			);
			name = "Embed App Extensions";
			runOnlyForDeploymentPostprocessing = 0;
		};
		6A08EEF320EA8224005439A4 /* Embed Watch Content */ = {
			isa = PBXCopyFilesBuildPhase;
			buildActionMask = 2147483647;
			dstPath = "$(CONTENTS_FOLDER_PATH)/Watch";
			dstSubfolderSpec = 16;
			files = (
				6A08EECB20EA8223005439A4 /* mtd-bus-app-iOS WatchKit App.app in Embed Watch Content */,
			);
			name = "Embed Watch Content";
			runOnlyForDeploymentPostprocessing = 0;
		};
/* End PBXCopyFilesBuildPhase section */

/* Begin PBXFileReference section */
		075606FDF3A534DF11960679 /* Pods_mtd_bus_app_iOS_WatchKit_Extension.framework */ = {isa = PBXFileReference; explicitFileType = wrapper.framework; includeInIndex = 0; path = Pods_mtd_bus_app_iOS_WatchKit_Extension.framework; sourceTree = BUILT_PRODUCTS_DIR; };
		2408CC370CD2E7A2F398FD2C /* Pods-mtd-bus-app-iOS WatchKit App.debug.xcconfig */ = {isa = PBXFileReference; includeInIndex = 1; lastKnownFileType = text.xcconfig; name = "Pods-mtd-bus-app-iOS WatchKit App.debug.xcconfig"; path = "Pods/Target Support Files/Pods-mtd-bus-app-iOS WatchKit App/Pods-mtd-bus-app-iOS WatchKit App.debug.xcconfig"; sourceTree = "<group>"; };
		433728A2FF2FAC4554BB8837 /* Pods-mtd-bus-app-iOS WatchKit Extension.debug.xcconfig */ = {isa = PBXFileReference; includeInIndex = 1; lastKnownFileType = text.xcconfig; name = "Pods-mtd-bus-app-iOS WatchKit Extension.debug.xcconfig"; path = "Pods/Target Support Files/Pods-mtd-bus-app-iOS WatchKit Extension/Pods-mtd-bus-app-iOS WatchKit Extension.debug.xcconfig"; sourceTree = "<group>"; };
		61F4B72DF3109247AB2ED74C /* Pods-mtd-bus-app-iOS WatchKit Extension.release.xcconfig */ = {isa = PBXFileReference; includeInIndex = 1; lastKnownFileType = text.xcconfig; name = "Pods-mtd-bus-app-iOS WatchKit Extension.release.xcconfig"; path = "Pods/Target Support Files/Pods-mtd-bus-app-iOS WatchKit Extension/Pods-mtd-bus-app-iOS WatchKit Extension.release.xcconfig"; sourceTree = "<group>"; };
		6A08EEB820EA8222005439A4 /* mtd-bus-app-iOS.app */ = {isa = PBXFileReference; explicitFileType = wrapper.application; includeInIndex = 0; path = "mtd-bus-app-iOS.app"; sourceTree = BUILT_PRODUCTS_DIR; };
		6A08EEBB20EA8222005439A4 /* AppDelegate.swift */ = {isa = PBXFileReference; lastKnownFileType = sourcecode.swift; path = AppDelegate.swift; sourceTree = "<group>"; };
		6A08EEBD20EA8222005439A4 /* ViewController.swift */ = {isa = PBXFileReference; lastKnownFileType = sourcecode.swift; path = ViewController.swift; sourceTree = "<group>"; };
		6A08EEC020EA8222005439A4 /* Base */ = {isa = PBXFileReference; lastKnownFileType = file.storyboard; name = Base; path = Base.lproj/Main.storyboard; sourceTree = "<group>"; };
		6A08EEC220EA8222005439A4 /* Assets.xcassets */ = {isa = PBXFileReference; lastKnownFileType = folder.assetcatalog; path = Assets.xcassets; sourceTree = "<group>"; };
		6A08EEC720EA8222005439A4 /* Info.plist */ = {isa = PBXFileReference; lastKnownFileType = text.plist.xml; path = Info.plist; sourceTree = "<group>"; };
		6A08EECA20EA8223005439A4 /* mtd-bus-app-iOS WatchKit App.app */ = {isa = PBXFileReference; explicitFileType = wrapper.application; includeInIndex = 0; path = "mtd-bus-app-iOS WatchKit App.app"; sourceTree = BUILT_PRODUCTS_DIR; };
		6A08EED020EA8223005439A4 /* Base */ = {isa = PBXFileReference; lastKnownFileType = file.storyboard; name = Base; path = Base.lproj/Interface.storyboard; sourceTree = "<group>"; };
		6A08EED220EA8223005439A4 /* Assets.xcassets */ = {isa = PBXFileReference; lastKnownFileType = folder.assetcatalog; path = Assets.xcassets; sourceTree = "<group>"; };
		6A08EED420EA8223005439A4 /* Info.plist */ = {isa = PBXFileReference; lastKnownFileType = text.plist.xml; path = Info.plist; sourceTree = "<group>"; };
		6A08EED920EA8223005439A4 /* mtd-bus-app-iOS WatchKit Extension.appex */ = {isa = PBXFileReference; explicitFileType = "wrapper.app-extension"; includeInIndex = 0; path = "mtd-bus-app-iOS WatchKit Extension.appex"; sourceTree = BUILT_PRODUCTS_DIR; };
		6A08EEDE20EA8223005439A4 /* InterfaceController.swift */ = {isa = PBXFileReference; lastKnownFileType = sourcecode.swift; path = InterfaceController.swift; sourceTree = "<group>"; };
		6A08EEE020EA8223005439A4 /* ExtensionDelegate.swift */ = {isa = PBXFileReference; lastKnownFileType = sourcecode.swift; path = ExtensionDelegate.swift; sourceTree = "<group>"; };
		6A08EEE220EA8223005439A4 /* NotificationController.swift */ = {isa = PBXFileReference; lastKnownFileType = sourcecode.swift; path = NotificationController.swift; sourceTree = "<group>"; };
		6A08EEE420EA8223005439A4 /* ComplicationController.swift */ = {isa = PBXFileReference; lastKnownFileType = sourcecode.swift; path = ComplicationController.swift; sourceTree = "<group>"; };
		6A08EEE620EA8224005439A4 /* Assets.xcassets */ = {isa = PBXFileReference; lastKnownFileType = folder.assetcatalog; path = Assets.xcassets; sourceTree = "<group>"; };
		6A08EEE820EA8224005439A4 /* Info.plist */ = {isa = PBXFileReference; lastKnownFileType = text.plist.xml; path = Info.plist; sourceTree = "<group>"; };
		6A08EEE920EA8224005439A4 /* PushNotificationPayload.apns */ = {isa = PBXFileReference; lastKnownFileType = text; path = PushNotificationPayload.apns; sourceTree = "<group>"; };
		6A389C3520EA85A000A938D8 /* stopData.xcdatamodel */ = {isa = PBXFileReference; lastKnownFileType = wrapper.xcdatamodel; path = stopData.xcdatamodel; sourceTree = "<group>"; };
		6A389C3720EA862800A938D8 /* StopBusListViewController.swift */ = {isa = PBXFileReference; lastKnownFileType = sourcecode.swift; path = StopBusListViewController.swift; sourceTree = "<group>"; };
		73492DBA1067B6F6B20CB21C /* Pods-mtd-bus-app-iOS.debug.xcconfig */ = {isa = PBXFileReference; includeInIndex = 1; lastKnownFileType = text.xcconfig; name = "Pods-mtd-bus-app-iOS.debug.xcconfig"; path = "Pods/Target Support Files/Pods-mtd-bus-app-iOS/Pods-mtd-bus-app-iOS.debug.xcconfig"; sourceTree = "<group>"; };
		7B9A485519CAAB5DCF48344E /* Pods_mtd_bus_app_iOS_WatchKit_App.framework */ = {isa = PBXFileReference; explicitFileType = wrapper.framework; includeInIndex = 0; path = Pods_mtd_bus_app_iOS_WatchKit_App.framework; sourceTree = BUILT_PRODUCTS_DIR; };
		80FCBACE694357A8B71DBACE /* Pods-mtd-bus-app-iOS.release.xcconfig */ = {isa = PBXFileReference; includeInIndex = 1; lastKnownFileType = text.xcconfig; name = "Pods-mtd-bus-app-iOS.release.xcconfig"; path = "Pods/Target Support Files/Pods-mtd-bus-app-iOS/Pods-mtd-bus-app-iOS.release.xcconfig"; sourceTree = "<group>"; };
		9BE1E8F51B03A2D413917B6C /* Pods-mtd-bus-app-iOS WatchKit App.release.xcconfig */ = {isa = PBXFileReference; includeInIndex = 1; lastKnownFileType = text.xcconfig; name = "Pods-mtd-bus-app-iOS WatchKit App.release.xcconfig"; path = "Pods/Target Support Files/Pods-mtd-bus-app-iOS WatchKit App/Pods-mtd-bus-app-iOS WatchKit App.release.xcconfig"; sourceTree = "<group>"; };
		A4257FE171747D61B21C25B4 /* Pods_mtd_bus_app_iOS.framework */ = {isa = PBXFileReference; explicitFileType = wrapper.framework; includeInIndex = 0; path = Pods_mtd_bus_app_iOS.framework; sourceTree = BUILT_PRODUCTS_DIR; };
/* End PBXFileReference section */

/* Begin PBXFrameworksBuildPhase section */
		1A79023D25D9B869F4F0377F /* Frameworks */ = {
			isa = PBXFrameworksBuildPhase;
			buildActionMask = 2147483647;
			files = (
				AF106747649DFE224B80DC53 /* Pods_mtd_bus_app_iOS_WatchKit_App.framework in Frameworks */,
			);
			runOnlyForDeploymentPostprocessing = 0;
		};
		6A08EEB520EA8222005439A4 /* Frameworks */ = {
			isa = PBXFrameworksBuildPhase;
			buildActionMask = 2147483647;
			files = (
				2C18E0567CFC94B7FBD8F39A /* Pods_mtd_bus_app_iOS.framework in Frameworks */,
			);
			runOnlyForDeploymentPostprocessing = 0;
		};
		6A08EED620EA8223005439A4 /* Frameworks */ = {
			isa = PBXFrameworksBuildPhase;
			buildActionMask = 2147483647;
			files = (
				EA25A7B7BEC2F71ED127F44D /* Pods_mtd_bus_app_iOS_WatchKit_Extension.framework in Frameworks */,
			);
			runOnlyForDeploymentPostprocessing = 0;
		};
/* End PBXFrameworksBuildPhase section */

/* Begin PBXGroup section */
		6A08EEAF20EA8221005439A4 = {
			isa = PBXGroup;
			children = (
				6A08EEBA20EA8222005439A4 /* mtd-bus-app-iOS */,
				6A08EECE20EA8223005439A4 /* mtd-bus-app-iOS WatchKit App */,
				6A08EEDD20EA8223005439A4 /* mtd-bus-app-iOS WatchKit Extension */,
				6A08EEB920EA8222005439A4 /* Products */,
				A7AE4D61150AF0452A1EDBE6 /* Pods */,
				F533BBA1CCCD34AAC23B2BF0 /* Frameworks */,
			);
			sourceTree = "<group>";
		};
		6A08EEB920EA8222005439A4 /* Products */ = {
			isa = PBXGroup;
			children = (
				6A08EEB820EA8222005439A4 /* mtd-bus-app-iOS.app */,
				6A08EECA20EA8223005439A4 /* mtd-bus-app-iOS WatchKit App.app */,
				6A08EED920EA8223005439A4 /* mtd-bus-app-iOS WatchKit Extension.appex */,
			);
			name = Products;
			sourceTree = "<group>";
		};
		6A08EEBA20EA8222005439A4 /* mtd-bus-app-iOS */ = {
			isa = PBXGroup;
			children = (
				6A08EEBB20EA8222005439A4 /* AppDelegate.swift */,
				6A08EEBD20EA8222005439A4 /* ViewController.swift */,
				6A08EEBF20EA8222005439A4 /* Main.storyboard */,
				6A08EEC220EA8222005439A4 /* Assets.xcassets */,
				6A08EEC720EA8222005439A4 /* Info.plist */,
				6A389C3420EA85A000A938D8 /* stopData.xcdatamodeld */,
				6A389C3720EA862800A938D8 /* StopBusListViewController.swift */,
			);
			path = "mtd-bus-app-iOS";
			sourceTree = "<group>";
		};
		6A08EECE20EA8223005439A4 /* mtd-bus-app-iOS WatchKit App */ = {
			isa = PBXGroup;
			children = (
				6A08EECF20EA8223005439A4 /* Interface.storyboard */,
				6A08EED220EA8223005439A4 /* Assets.xcassets */,
				6A08EED420EA8223005439A4 /* Info.plist */,
			);
			path = "mtd-bus-app-iOS WatchKit App";
			sourceTree = "<group>";
		};
		6A08EEDD20EA8223005439A4 /* mtd-bus-app-iOS WatchKit Extension */ = {
			isa = PBXGroup;
			children = (
				6A08EEDE20EA8223005439A4 /* InterfaceController.swift */,
				6A08EEE020EA8223005439A4 /* ExtensionDelegate.swift */,
				6A08EEE220EA8223005439A4 /* NotificationController.swift */,
				6A08EEE420EA8223005439A4 /* ComplicationController.swift */,
				6A08EEE620EA8224005439A4 /* Assets.xcassets */,
				6A08EEE820EA8224005439A4 /* Info.plist */,
				6A08EEE920EA8224005439A4 /* PushNotificationPayload.apns */,
			);
			path = "mtd-bus-app-iOS WatchKit Extension";
			sourceTree = "<group>";
		};
		A7AE4D61150AF0452A1EDBE6 /* Pods */ = {
			isa = PBXGroup;
			children = (
				73492DBA1067B6F6B20CB21C /* Pods-mtd-bus-app-iOS.debug.xcconfig */,
				80FCBACE694357A8B71DBACE /* Pods-mtd-bus-app-iOS.release.xcconfig */,
				2408CC370CD2E7A2F398FD2C /* Pods-mtd-bus-app-iOS WatchKit App.debug.xcconfig */,
				9BE1E8F51B03A2D413917B6C /* Pods-mtd-bus-app-iOS WatchKit App.release.xcconfig */,
				433728A2FF2FAC4554BB8837 /* Pods-mtd-bus-app-iOS WatchKit Extension.debug.xcconfig */,
				61F4B72DF3109247AB2ED74C /* Pods-mtd-bus-app-iOS WatchKit Extension.release.xcconfig */,
			);
			name = Pods;
			sourceTree = "<group>";
		};
		F533BBA1CCCD34AAC23B2BF0 /* Frameworks */ = {
			isa = PBXGroup;
			children = (
				A4257FE171747D61B21C25B4 /* Pods_mtd_bus_app_iOS.framework */,
				7B9A485519CAAB5DCF48344E /* Pods_mtd_bus_app_iOS_WatchKit_App.framework */,
				075606FDF3A534DF11960679 /* Pods_mtd_bus_app_iOS_WatchKit_Extension.framework */,
			);
			name = Frameworks;
			sourceTree = "<group>";
		};
/* End PBXGroup section */

/* Begin PBXNativeTarget section */
		6A08EEB720EA8222005439A4 /* mtd-bus-app-iOS */ = {
			isa = PBXNativeTarget;
			buildConfigurationList = 6A08EEF420EA8224005439A4 /* Build configuration list for PBXNativeTarget "mtd-bus-app-iOS" */;
			buildPhases = (
				0ADE1E057D3B599F3FC592BD /* [CP] Check Pods Manifest.lock */,
				6A08EEB420EA8222005439A4 /* Sources */,
				6A08EEB520EA8222005439A4 /* Frameworks */,
				6A08EEB620EA8222005439A4 /* Resources */,
				6A08EEF320EA8224005439A4 /* Embed Watch Content */,
			);
			buildRules = (
			);
			dependencies = (
				6A08EECD20EA8223005439A4 /* PBXTargetDependency */,
			);
			name = "mtd-bus-app-iOS";
			productName = "mtd-bus-app-iOS";
			productReference = 6A08EEB820EA8222005439A4 /* mtd-bus-app-iOS.app */;
			productType = "com.apple.product-type.application";
		};
		6A08EEC920EA8223005439A4 /* mtd-bus-app-iOS WatchKit App */ = {
			isa = PBXNativeTarget;
			buildConfigurationList = 6A08EEF020EA8224005439A4 /* Build configuration list for PBXNativeTarget "mtd-bus-app-iOS WatchKit App" */;
			buildPhases = (
				483329B24023FB97725CD81D /* [CP] Check Pods Manifest.lock */,
				6A08EEC820EA8223005439A4 /* Resources */,
				6A08EEEF20EA8224005439A4 /* Embed App Extensions */,
				1A79023D25D9B869F4F0377F /* Frameworks */,
			);
			buildRules = (
			);
			dependencies = (
				6A08EEDC20EA8223005439A4 /* PBXTargetDependency */,
			);
			name = "mtd-bus-app-iOS WatchKit App";
			productName = "mtd-bus-app-iOS WatchKit App";
			productReference = 6A08EECA20EA8223005439A4 /* mtd-bus-app-iOS WatchKit App.app */;
			productType = "com.apple.product-type.application.watchapp2";
		};
		6A08EED820EA8223005439A4 /* mtd-bus-app-iOS WatchKit Extension */ = {
			isa = PBXNativeTarget;
			buildConfigurationList = 6A08EEEC20EA8224005439A4 /* Build configuration list for PBXNativeTarget "mtd-bus-app-iOS WatchKit Extension" */;
			buildPhases = (
				877C200A05485DF4918A9FAA /* [CP] Check Pods Manifest.lock */,
				6A08EED520EA8223005439A4 /* Sources */,
				6A08EED620EA8223005439A4 /* Frameworks */,
				6A08EED720EA8223005439A4 /* Resources */,
			);
			buildRules = (
			);
			dependencies = (
			);
			name = "mtd-bus-app-iOS WatchKit Extension";
			productName = "mtd-bus-app-iOS WatchKit Extension";
			productReference = 6A08EED920EA8223005439A4 /* mtd-bus-app-iOS WatchKit Extension.appex */;
			productType = "com.apple.product-type.watchkit2-extension";
		};
/* End PBXNativeTarget section */

/* Begin PBXProject section */
		6A08EEB020EA8221005439A4 /* Project object */ = {
			isa = PBXProject;
			attributes = {
				LastSwiftUpdateCheck = 0940;
				LastUpgradeCheck = 0940;
				ORGANIZATIONNAME = "Pradeep Kumar";
				TargetAttributes = {
					6A08EEB720EA8222005439A4 = {
						CreatedOnToolsVersion = 9.4.1;
					};
					6A08EEC920EA8223005439A4 = {
						CreatedOnToolsVersion = 9.4.1;
					};
					6A08EED820EA8223005439A4 = {
						CreatedOnToolsVersion = 9.4.1;
					};
				};
			};
			buildConfigurationList = 6A08EEB320EA8221005439A4 /* Build configuration list for PBXProject "mtd-bus-app-iOS" */;
			compatibilityVersion = "Xcode 9.3";
			developmentRegion = en;
			hasScannedForEncodings = 0;
			knownRegions = (
				en,
				Base,
			);
			mainGroup = 6A08EEAF20EA8221005439A4;
			productRefGroup = 6A08EEB920EA8222005439A4 /* Products */;
			projectDirPath = "";
			projectRoot = "";
			targets = (
				6A08EEB720EA8222005439A4 /* mtd-bus-app-iOS */,
				6A08EEC920EA8223005439A4 /* mtd-bus-app-iOS WatchKit App */,
				6A08EED820EA8223005439A4 /* mtd-bus-app-iOS WatchKit Extension */,
			);
		};
/* End PBXProject section */

/* Begin PBXResourcesBuildPhase section */
		6A08EEB620EA8222005439A4 /* Resources */ = {
			isa = PBXResourcesBuildPhase;
			buildActionMask = 2147483647;
			files = (
				6A08EEC320EA8222005439A4 /* Assets.xcassets in Resources */,
				6A08EEC120EA8222005439A4 /* Main.storyboard in Resources */,
			);
			runOnlyForDeploymentPostprocessing = 0;
		};
		6A08EEC820EA8223005439A4 /* Resources */ = {
			isa = PBXResourcesBuildPhase;
			buildActionMask = 2147483647;
			files = (
				6A08EED320EA8223005439A4 /* Assets.xcassets in Resources */,
				6A08EED120EA8223005439A4 /* Interface.storyboard in Resources */,
			);
			runOnlyForDeploymentPostprocessing = 0;
		};
		6A08EED720EA8223005439A4 /* Resources */ = {
			isa = PBXResourcesBuildPhase;
			buildActionMask = 2147483647;
			files = (
				6A08EEE720EA8224005439A4 /* Assets.xcassets in Resources */,
			);
			runOnlyForDeploymentPostprocessing = 0;
		};
/* End PBXResourcesBuildPhase section */

/* Begin PBXShellScriptBuildPhase section */
		0ADE1E057D3B599F3FC592BD /* [CP] Check Pods Manifest.lock */ = {
			isa = PBXShellScriptBuildPhase;
			buildActionMask = 2147483647;
			files = (
			);
			inputPaths = (
				"${PODS_PODFILE_DIR_PATH}/Podfile.lock",
				"${PODS_ROOT}/Manifest.lock",
			);
			name = "[CP] Check Pods Manifest.lock";
			outputPaths = (
				"$(DERIVED_FILE_DIR)/Pods-mtd-bus-app-iOS-checkManifestLockResult.txt",
			);
			runOnlyForDeploymentPostprocessing = 0;
			shellPath = /bin/sh;
			shellScript = "diff \"${PODS_PODFILE_DIR_PATH}/Podfile.lock\" \"${PODS_ROOT}/Manifest.lock\" > /dev/null\nif [ $? != 0 ] ; then\n    # print error to STDERR\n    echo \"error: The sandbox is not in sync with the Podfile.lock. Run 'pod install' or update your CocoaPods installation.\" >&2\n    exit 1\nfi\n# This output is used by Xcode 'outputs' to avoid re-running this script phase.\necho \"SUCCESS\" > \"${SCRIPT_OUTPUT_FILE_0}\"\n";
			showEnvVarsInLog = 0;
		};
		483329B24023FB97725CD81D /* [CP] Check Pods Manifest.lock */ = {
			isa = PBXShellScriptBuildPhase;
			buildActionMask = 2147483647;
			files = (
			);
			inputPaths = (
				"${PODS_PODFILE_DIR_PATH}/Podfile.lock",
				"${PODS_ROOT}/Manifest.lock",
			);
			name = "[CP] Check Pods Manifest.lock";
			outputPaths = (
				"$(DERIVED_FILE_DIR)/Pods-mtd-bus-app-iOS WatchKit App-checkManifestLockResult.txt",
			);
			runOnlyForDeploymentPostprocessing = 0;
			shellPath = /bin/sh;
			shellScript = "diff \"${PODS_PODFILE_DIR_PATH}/Podfile.lock\" \"${PODS_ROOT}/Manifest.lock\" > /dev/null\nif [ $? != 0 ] ; then\n    # print error to STDERR\n    echo \"error: The sandbox is not in sync with the Podfile.lock. Run 'pod install' or update your CocoaPods installation.\" >&2\n    exit 1\nfi\n# This output is used by Xcode 'outputs' to avoid re-running this script phase.\necho \"SUCCESS\" > \"${SCRIPT_OUTPUT_FILE_0}\"\n";
			showEnvVarsInLog = 0;
		};
		877C200A05485DF4918A9FAA /* [CP] Check Pods Manifest.lock */ = {
			isa = PBXShellScriptBuildPhase;
			buildActionMask = 2147483647;
			files = (
			);
			inputPaths = (
				"${PODS_PODFILE_DIR_PATH}/Podfile.lock",
				"${PODS_ROOT}/Manifest.lock",
			);
			name = "[CP] Check Pods Manifest.lock";
			outputPaths = (
				"$(DERIVED_FILE_DIR)/Pods-mtd-bus-app-iOS WatchKit Extension-checkManifestLockResult.txt",
			);
			runOnlyForDeploymentPostprocessing = 0;
			shellPath = /bin/sh;
			shellScript = "diff \"${PODS_PODFILE_DIR_PATH}/Podfile.lock\" \"${PODS_ROOT}/Manifest.lock\" > /dev/null\nif [ $? != 0 ] ; then\n    # print error to STDERR\n    echo \"error: The sandbox is not in sync with the Podfile.lock. Run 'pod install' or update your CocoaPods installation.\" >&2\n    exit 1\nfi\n# This output is used by Xcode 'outputs' to avoid re-running this script phase.\necho \"SUCCESS\" > \"${SCRIPT_OUTPUT_FILE_0}\"\n";
			showEnvVarsInLog = 0;
		};
/* End PBXShellScriptBuildPhase section */

/* Begin PBXSourcesBuildPhase section */
		6A08EEB420EA8222005439A4 /* Sources */ = {
			isa = PBXSourcesBuildPhase;
			buildActionMask = 2147483647;
			files = (
				6A08EEBE20EA8222005439A4 /* ViewController.swift in Sources */,
				6A389C3820EA862800A938D8 /* StopBusListViewController.swift in Sources */,
				6A389C3620EA85A000A938D8 /* stopData.xcdatamodeld in Sources */,
				6A08EEBC20EA8222005439A4 /* AppDelegate.swift in Sources */,
			);
			runOnlyForDeploymentPostprocessing = 0;
		};
		6A08EED520EA8223005439A4 /* Sources */ = {
			isa = PBXSourcesBuildPhase;
			buildActionMask = 2147483647;
			files = (
				6A08EEE320EA8223005439A4 /* NotificationController.swift in Sources */,
				6A08EEE520EA8223005439A4 /* ComplicationController.swift in Sources */,
				6A08EEE120EA8223005439A4 /* ExtensionDelegate.swift in Sources */,
				6A08EEDF20EA8223005439A4 /* InterfaceController.swift in Sources */,
			);
			runOnlyForDeploymentPostprocessing = 0;
		};
/* End PBXSourcesBuildPhase section */

/* Begin PBXTargetDependency section */
		6A08EECD20EA8223005439A4 /* PBXTargetDependency */ = {
			isa = PBXTargetDependency;
			target = 6A08EEC920EA8223005439A4 /* mtd-bus-app-iOS WatchKit App */;
			targetProxy = 6A08EECC20EA8223005439A4 /* PBXContainerItemProxy */;
		};
		6A08EEDC20EA8223005439A4 /* PBXTargetDependency */ = {
			isa = PBXTargetDependency;
			target = 6A08EED820EA8223005439A4 /* mtd-bus-app-iOS WatchKit Extension */;
			targetProxy = 6A08EEDB20EA8223005439A4 /* PBXContainerItemProxy */;
		};
/* End PBXTargetDependency section */

/* Begin PBXVariantGroup section */
		6A08EEBF20EA8222005439A4 /* Main.storyboard */ = {
			isa = PBXVariantGroup;
			children = (
				6A08EEC020EA8222005439A4 /* Base */,
			);
			name = Main.storyboard;
			sourceTree = "<group>";
		};
		6A08EECF20EA8223005439A4 /* Interface.storyboard */ = {
			isa = PBXVariantGroup;
			children = (
				6A08EED020EA8223005439A4 /* Base */,
			);
			name = Interface.storyboard;
			sourceTree = "<group>";
		};
/* End PBXVariantGroup section */

/* Begin XCBuildConfiguration section */
		6A08EEEA20EA8224005439A4 /* Debug */ = {
			isa = XCBuildConfiguration;
			buildSettings = {
				ALWAYS_SEARCH_USER_PATHS = NO;
				CLANG_ANALYZER_NONNULL = YES;
				CLANG_ANALYZER_NUMBER_OBJECT_CONVERSION = YES_AGGRESSIVE;
				CLANG_CXX_LANGUAGE_STANDARD = "gnu++14";
				CLANG_CXX_LIBRARY = "libc++";
				CLANG_ENABLE_MODULES = YES;
				CLANG_ENABLE_OBJC_ARC = YES;
				CLANG_ENABLE_OBJC_WEAK = YES;
				CLANG_WARN_BLOCK_CAPTURE_AUTORELEASING = YES;
				CLANG_WARN_BOOL_CONVERSION = YES;
				CLANG_WARN_COMMA = YES;
				CLANG_WARN_CONSTANT_CONVERSION = YES;
				CLANG_WARN_DEPRECATED_OBJC_IMPLEMENTATIONS = YES;
				CLANG_WARN_DIRECT_OBJC_ISA_USAGE = YES_ERROR;
				CLANG_WARN_DOCUMENTATION_COMMENTS = YES;
				CLANG_WARN_EMPTY_BODY = YES;
				CLANG_WARN_ENUM_CONVERSION = YES;
				CLANG_WARN_INFINITE_RECURSION = YES;
				CLANG_WARN_INT_CONVERSION = YES;
				CLANG_WARN_NON_LITERAL_NULL_CONVERSION = YES;
				CLANG_WARN_OBJC_IMPLICIT_RETAIN_SELF = YES;
				CLANG_WARN_OBJC_LITERAL_CONVERSION = YES;
				CLANG_WARN_OBJC_ROOT_CLASS = YES_ERROR;
				CLANG_WARN_RANGE_LOOP_ANALYSIS = YES;
				CLANG_WARN_STRICT_PROTOTYPES = YES;
				CLANG_WARN_SUSPICIOUS_MOVE = YES;
				CLANG_WARN_UNGUARDED_AVAILABILITY = YES_AGGRESSIVE;
				CLANG_WARN_UNREACHABLE_CODE = YES;
				CLANG_WARN__DUPLICATE_METHOD_MATCH = YES;
				CODE_SIGN_IDENTITY = "iPhone Developer";
				COPY_PHASE_STRIP = NO;
				DEBUG_INFORMATION_FORMAT = dwarf;
				ENABLE_STRICT_OBJC_MSGSEND = YES;
				ENABLE_TESTABILITY = YES;
				GCC_C_LANGUAGE_STANDARD = gnu11;
				GCC_DYNAMIC_NO_PIC = NO;
				GCC_NO_COMMON_BLOCKS = YES;
				GCC_OPTIMIZATION_LEVEL = 0;
				GCC_PREPROCESSOR_DEFINITIONS = (
					"DEBUG=1",
					"$(inherited)",
				);
				GCC_WARN_64_TO_32_BIT_CONVERSION = YES;
				GCC_WARN_ABOUT_RETURN_TYPE = YES_ERROR;
				GCC_WARN_UNDECLARED_SELECTOR = YES;
				GCC_WARN_UNINITIALIZED_AUTOS = YES_AGGRESSIVE;
				GCC_WARN_UNUSED_FUNCTION = YES;
				GCC_WARN_UNUSED_VARIABLE = YES;
				IPHONEOS_DEPLOYMENT_TARGET = 11.3;
				MTL_ENABLE_DEBUG_INFO = YES;
				ONLY_ACTIVE_ARCH = YES;
				SDKROOT = iphoneos;
				SWIFT_ACTIVE_COMPILATION_CONDITIONS = DEBUG;
				SWIFT_OPTIMIZATION_LEVEL = "-Onone";
			};
			name = Debug;
		};
		6A08EEEB20EA8224005439A4 /* Release */ = {
			isa = XCBuildConfiguration;
			buildSettings = {
				ALWAYS_SEARCH_USER_PATHS = NO;
				CLANG_ANALYZER_NONNULL = YES;
				CLANG_ANALYZER_NUMBER_OBJECT_CONVERSION = YES_AGGRESSIVE;
				CLANG_CXX_LANGUAGE_STANDARD = "gnu++14";
				CLANG_CXX_LIBRARY = "libc++";
				CLANG_ENABLE_MODULES = YES;
				CLANG_ENABLE_OBJC_ARC = YES;
				CLANG_ENABLE_OBJC_WEAK = YES;
				CLANG_WARN_BLOCK_CAPTURE_AUTORELEASING = YES;
				CLANG_WARN_BOOL_CONVERSION = YES;
				CLANG_WARN_COMMA = YES;
				CLANG_WARN_CONSTANT_CONVERSION = YES;
				CLANG_WARN_DEPRECATED_OBJC_IMPLEMENTATIONS = YES;
				CLANG_WARN_DIRECT_OBJC_ISA_USAGE = YES_ERROR;
				CLANG_WARN_DOCUMENTATION_COMMENTS = YES;
				CLANG_WARN_EMPTY_BODY = YES;
				CLANG_WARN_ENUM_CONVERSION = YES;
				CLANG_WARN_INFINITE_RECURSION = YES;
				CLANG_WARN_INT_CONVERSION = YES;
				CLANG_WARN_NON_LITERAL_NULL_CONVERSION = YES;
				CLANG_WARN_OBJC_IMPLICIT_RETAIN_SELF = YES;
				CLANG_WARN_OBJC_LITERAL_CONVERSION = YES;
				CLANG_WARN_OBJC_ROOT_CLASS = YES_ERROR;
				CLANG_WARN_RANGE_LOOP_ANALYSIS = YES;
				CLANG_WARN_STRICT_PROTOTYPES = YES;
				CLANG_WARN_SUSPICIOUS_MOVE = YES;
				CLANG_WARN_UNGUARDED_AVAILABILITY = YES_AGGRESSIVE;
				CLANG_WARN_UNREACHABLE_CODE = YES;
				CLANG_WARN__DUPLICATE_METHOD_MATCH = YES;
				CODE_SIGN_IDENTITY = "iPhone Developer";
				COPY_PHASE_STRIP = NO;
				DEBUG_INFORMATION_FORMAT = "dwarf-with-dsym";
				ENABLE_NS_ASSERTIONS = NO;
				ENABLE_STRICT_OBJC_MSGSEND = YES;
				GCC_C_LANGUAGE_STANDARD = gnu11;
				GCC_NO_COMMON_BLOCKS = YES;
				GCC_WARN_64_TO_32_BIT_CONVERSION = YES;
				GCC_WARN_ABOUT_RETURN_TYPE = YES_ERROR;
				GCC_WARN_UNDECLARED_SELECTOR = YES;
				GCC_WARN_UNINITIALIZED_AUTOS = YES_AGGRESSIVE;
				GCC_WARN_UNUSED_FUNCTION = YES;
				GCC_WARN_UNUSED_VARIABLE = YES;
				IPHONEOS_DEPLOYMENT_TARGET = 11.3;
				MTL_ENABLE_DEBUG_INFO = NO;
				SDKROOT = iphoneos;
				SWIFT_COMPILATION_MODE = wholemodule;
				SWIFT_OPTIMIZATION_LEVEL = "-O";
				VALIDATE_PRODUCT = YES;
			};
			name = Release;
		};
		6A08EEED20EA8224005439A4 /* Debug */ = {
			isa = XCBuildConfiguration;
			baseConfigurationReference = 433728A2FF2FAC4554BB8837 /* Pods-mtd-bus-app-iOS WatchKit Extension.debug.xcconfig */;
			buildSettings = {
				ASSETCATALOG_COMPILER_COMPLICATION_NAME = Complication;
				CODE_SIGN_STYLE = Automatic;
				DEVELOPMENT_TEAM = YUVCNXW3P2;
				INFOPLIST_FILE = "mtd-bus-app-iOS WatchKit Extension/Info.plist";
				LD_RUNPATH_SEARCH_PATHS = (
					"$(inherited)",
					"@executable_path/Frameworks",
					"@executable_path/../../Frameworks",
				);
				PRODUCT_BUNDLE_IDENTIFIER = "pradeep.mtd-bus-app-iOS.watchkitapp.watchkitextension";
				PRODUCT_NAME = "${TARGET_NAME}";
				SDKROOT = watchos;
				SKIP_INSTALL = YES;
				SWIFT_VERSION = 4.0;
				TARGETED_DEVICE_FAMILY = 4;
				WATCHOS_DEPLOYMENT_TARGET = 4.3;
			};
			name = Debug;
		};
		6A08EEEE20EA8224005439A4 /* Release */ = {
			isa = XCBuildConfiguration;
			baseConfigurationReference = 61F4B72DF3109247AB2ED74C /* Pods-mtd-bus-app-iOS WatchKit Extension.release.xcconfig */;
			buildSettings = {
				ASSETCATALOG_COMPILER_COMPLICATION_NAME = Complication;
				CODE_SIGN_STYLE = Automatic;
				DEVELOPMENT_TEAM = YUVCNXW3P2;
				INFOPLIST_FILE = "mtd-bus-app-iOS WatchKit Extension/Info.plist";
				LD_RUNPATH_SEARCH_PATHS = (
					"$(inherited)",
					"@executable_path/Frameworks",
					"@executable_path/../../Frameworks",
				);
				PRODUCT_BUNDLE_IDENTIFIER = "pradeep.mtd-bus-app-iOS.watchkitapp.watchkitextension";
				PRODUCT_NAME = "${TARGET_NAME}";
				SDKROOT = watchos;
				SKIP_INSTALL = YES;
				SWIFT_VERSION = 4.0;
				TARGETED_DEVICE_FAMILY = 4;
				WATCHOS_DEPLOYMENT_TARGET = 4.3;
			};
			name = Release;
		};
		6A08EEF120EA8224005439A4 /* Debug */ = {
			isa = XCBuildConfiguration;
			baseConfigurationReference = 2408CC370CD2E7A2F398FD2C /* Pods-mtd-bus-app-iOS WatchKit App.debug.xcconfig */;
			buildSettings = {
				ALWAYS_EMBED_SWIFT_STANDARD_LIBRARIES = YES;
				ASSETCATALOG_COMPILER_APPICON_NAME = AppIcon;
				CODE_SIGN_STYLE = Automatic;
				DEVELOPMENT_TEAM = YUVCNXW3P2;
				IBSC_MODULE = mtd_bus_app_iOS_WatchKit_Extension;
				INFOPLIST_FILE = "mtd-bus-app-iOS WatchKit App/Info.plist";
				PRODUCT_BUNDLE_IDENTIFIER = "pradeep.mtd-bus-app-iOS.watchkitapp";
				PRODUCT_NAME = "$(TARGET_NAME)";
				SDKROOT = watchos;
				SKIP_INSTALL = YES;
				SWIFT_VERSION = 4.0;
				TARGETED_DEVICE_FAMILY = 4;
				WATCHOS_DEPLOYMENT_TARGET = 4.3;
			};
			name = Debug;
		};
		6A08EEF220EA8224005439A4 /* Release */ = {
			isa = XCBuildConfiguration;
			baseConfigurationReference = 9BE1E8F51B03A2D413917B6C /* Pods-mtd-bus-app-iOS WatchKit App.release.xcconfig */;
			buildSettings = {
				ALWAYS_EMBED_SWIFT_STANDARD_LIBRARIES = YES;
				ASSETCATALOG_COMPILER_APPICON_NAME = AppIcon;
				CODE_SIGN_STYLE = Automatic;
				DEVELOPMENT_TEAM = YUVCNXW3P2;
				IBSC_MODULE = mtd_bus_app_iOS_WatchKit_Extension;
				INFOPLIST_FILE = "mtd-bus-app-iOS WatchKit App/Info.plist";
				PRODUCT_BUNDLE_IDENTIFIER = "pradeep.mtd-bus-app-iOS.watchkitapp";
				PRODUCT_NAME = "$(TARGET_NAME)";
				SDKROOT = watchos;
				SKIP_INSTALL = YES;
				SWIFT_VERSION = 4.0;
				TARGETED_DEVICE_FAMILY = 4;
				WATCHOS_DEPLOYMENT_TARGET = 4.3;
			};
			name = Release;
		};
		6A08EEF520EA8224005439A4 /* Debug */ = {
			isa = XCBuildConfiguration;
			baseConfigurationReference = 73492DBA1067B6F6B20CB21C /* Pods-mtd-bus-app-iOS.debug.xcconfig */;
			buildSettings = {
				ASSETCATALOG_COMPILER_APPICON_NAME = AppIcon;
				CODE_SIGN_STYLE = Automatic;
				DEVELOPMENT_TEAM = YUVCNXW3P2;
				INFOPLIST_FILE = "mtd-bus-app-iOS/Info.plist";
				LD_RUNPATH_SEARCH_PATHS = (
					"$(inherited)",
					"@executable_path/Frameworks",
				);
				PRODUCT_BUNDLE_IDENTIFIER = "pradeep.mtd-bus-app-iOS";
				PRODUCT_NAME = "$(TARGET_NAME)";
				SWIFT_VERSION = 4.0;
				TARGETED_DEVICE_FAMILY = "1,2";
			};
			name = Debug;
		};
		6A08EEF620EA8224005439A4 /* Release */ = {
			isa = XCBuildConfiguration;
			baseConfigurationReference = 80FCBACE694357A8B71DBACE /* Pods-mtd-bus-app-iOS.release.xcconfig */;
			buildSettings = {
				ASSETCATALOG_COMPILER_APPICON_NAME = AppIcon;
				CODE_SIGN_STYLE = Automatic;
				DEVELOPMENT_TEAM = YUVCNXW3P2;
				INFOPLIST_FILE = "mtd-bus-app-iOS/Info.plist";
				LD_RUNPATH_SEARCH_PATHS = (
					"$(inherited)",
					"@executable_path/Frameworks",
				);
				PRODUCT_BUNDLE_IDENTIFIER = "pradeep.mtd-bus-app-iOS";
				PRODUCT_NAME = "$(TARGET_NAME)";
				SWIFT_VERSION = 4.0;
				TARGETED_DEVICE_FAMILY = "1,2";
			};
			name = Release;
		};
/* End XCBuildConfiguration section */

/* Begin XCConfigurationList section */
		6A08EEB320EA8221005439A4 /* Build configuration list for PBXProject "mtd-bus-app-iOS" */ = {
			isa = XCConfigurationList;
			buildConfigurations = (
				6A08EEEA20EA8224005439A4 /* Debug */,
				6A08EEEB20EA8224005439A4 /* Release */,
			);
			defaultConfigurationIsVisible = 0;
			defaultConfigurationName = Release;
		};
		6A08EEEC20EA8224005439A4 /* Build configuration list for PBXNativeTarget "mtd-bus-app-iOS WatchKit Extension" */ = {
			isa = XCConfigurationList;
			buildConfigurations = (
				6A08EEED20EA8224005439A4 /* Debug */,
				6A08EEEE20EA8224005439A4 /* Release */,
			);
			defaultConfigurationIsVisible = 0;
			defaultConfigurationName = Release;
		};
		6A08EEF020EA8224005439A4 /* Build configuration list for PBXNativeTarget "mtd-bus-app-iOS WatchKit App" */ = {
			isa = XCConfigurationList;
			buildConfigurations = (
				6A08EEF120EA8224005439A4 /* Debug */,
				6A08EEF220EA8224005439A4 /* Release */,
			);
			defaultConfigurationIsVisible = 0;
			defaultConfigurationName = Release;
		};
		6A08EEF420EA8224005439A4 /* Build configuration list for PBXNativeTarget "mtd-bus-app-iOS" */ = {
			isa = XCConfigurationList;
			buildConfigurations = (
				6A08EEF520EA8224005439A4 /* Debug */,
				6A08EEF620EA8224005439A4 /* Release */,
			);
			defaultConfigurationIsVisible = 0;
			defaultConfigurationName = Release;
		};
/* End XCConfigurationList section */

/* Begin XCVersionGroup section */
		6A389C3420EA85A000A938D8 /* stopData.xcdatamodeld */ = {
			isa = XCVersionGroup;
			children = (
				6A389C3520EA85A000A938D8 /* stopData.xcdatamodel */,
			);
			currentVersion = 6A389C3520EA85A000A938D8 /* stopData.xcdatamodel */;
			path = stopData.xcdatamodeld;
			sourceTree = "<group>";
			versionGroupType = wrapper.xcdatamodel;
		};
/* End XCVersionGroup section */
	};
	rootObject = 6A08EEB020EA8221005439A4 /* Project object */;
}
